
Microsoft Visual Studio Solution File, Format Version 12.00
# Visual Studio Version 17
VisualStudioVersion = 17.0.32126.317
MinimumVisualStudioVersion = 10.0.40219.1
Project("{FAE04EC0-301F-11D3-BF4B-00C04F79EFBC}") = "ConsoleDemoApp", "ConsoleDemoApp.csproj", "{6A6DAF4F-8E30-444F-9B07-8DE17B5468B7}"
EndProject
Global
	GlobalSection(SolutionConfigurationPlatforms) = preSolution
		Debug|Any CPU = Debug|Any CPU
		Release|Any CPU = Release|Any CPU
	EndGlobalSection
	GlobalSection(ProjectConfigurationPlatforms) = postSolution
		{6A6DAF4F-8E30-444F-9B07-8DE17B5468B7}.Debug|Any CPU.ActiveCfg = Debug|Any CPU
		{6A6DAF4F-8E30-444F-9B07-8DE17B5468B7}.Debug|Any CPU.Build.0 = Debug|Any CPU
		{6A6DAF4F-8E30-444F-9B07-8DE17B5468B7}.Release|Any CPU.ActiveCfg = Release|Any CPU
		{6A6DAF4F-8E30-444F-9B07-8DE17B5468B7}.Release|Any CPU.Build.0 = Release|Any CPU
	EndGlobalSection
	GlobalSection(SolutionProperties) = preSolution
		HideSolutionNode = FALSE
	EndGlobalSection
	GlobalSection(ExtensibilityGlobals) = postSolution
		SolutionGuid = {41E6CC17-D491-4ABA-817C-DAD08C71C6BB}
	EndGlobalSection
EndGlobal
